// !$*UTF8*$!
{
	archiveVersion = 1;
	classes = {
	};
	objectVersion = 55;
	objects = {

/* Begin PBXBuildFile section */
		0621F7AB2785EDAB00BF5F17 /* .gitignore in Resources */ = {isa = PBXBuildFile; fileRef = 0621F7AA2785EDAB00BF5F17 /* .gitignore */; };
		0621F7B42785EFB200BF5F17 /* UIColor+.swift in Sources */ = {isa = PBXBuildFile; fileRef = 0621F7B32785EFB200BF5F17 /* UIColor+.swift */; };
		0653E182278A709100F92249 /* LoginViewController.swift in Sources */ = {isa = PBXBuildFile; fileRef = 0621F7B02785EE1000BF5F17 /* LoginViewController.swift */; };
		0653E187278A71CB00F92249 /* LoginViewModel.swift in Sources */ = {isa = PBXBuildFile; fileRef = 0653E186278A71CB00F92249 /* LoginViewModel.swift */; };
		0653E189278A72D500F92249 /* Api.swift in Sources */ = {isa = PBXBuildFile; fileRef = 0653E188278A72D500F92249 /* Api.swift */; };
		0653E18D278A7F0900F92249 /* SignUpViewModel.swift in Sources */ = {isa = PBXBuildFile; fileRef = 0653E18C278A7F0900F92249 /* SignUpViewModel.swift */; };
		06E1DAE5278A9AB500F2FD76 /* TokenInterceptor.swift in Sources */ = {isa = PBXBuildFile; fileRef = 06E1DAE4278A9AB500F2FD76 /* TokenInterceptor.swift */; };
		06E1DAF0278ACB5E00F2FD76 /* Rank.swift in Sources */ = {isa = PBXBuildFile; fileRef = 06E1DAEF278ACB5E00F2FD76 /* Rank.swift */; };
		06E1DAF3278ACB6C00F2FD76 /* MyPageTableViewCell.swift in Sources */ = {isa = PBXBuildFile; fileRef = 06E1DAF1278ACB6C00F2FD76 /* MyPageTableViewCell.swift */; };
		06E1DAF4278ACB6C00F2FD76 /* MyPageTableViewController.swift in Sources */ = {isa = PBXBuildFile; fileRef = 06E1DAF2278ACB6C00F2FD76 /* MyPageTableViewController.swift */; };
		06E1DAF6278ACBE500F2FD76 /* SignUpViewController.swift in Sources */ = {isa = PBXBuildFile; fileRef = 06E1DAF5278ACBE500F2FD76 /* SignUpViewController.swift */; };
		06E1DAF8278ACED000F2FD76 /* MyPageViewModel.swift in Sources */ = {isa = PBXBuildFile; fileRef = 06E1DAF7278ACED000F2FD76 /* MyPageViewModel.swift */; };
		4F0840C52785699E0082D259 /* AppDelegate.swift in Sources */ = {isa = PBXBuildFile; fileRef = 4F0840C42785699E0082D259 /* AppDelegate.swift */; };
		4F0840C72785699E0082D259 /* SceneDelegate.swift in Sources */ = {isa = PBXBuildFile; fileRef = 4F0840C62785699E0082D259 /* SceneDelegate.swift */; };
		4F0840C92785699E0082D259 /* MainViewController.swift in Sources */ = {isa = PBXBuildFile; fileRef = 4F0840C82785699E0082D259 /* MainViewController.swift */; };
		4F0840CE2785699F0082D259 /* Assets.xcassets in Resources */ = {isa = PBXBuildFile; fileRef = 4F0840CD2785699F0082D259 /* Assets.xcassets */; };
		4F0840D12785699F0082D259 /* LaunchScreen.storyboard in Resources */ = {isa = PBXBuildFile; fileRef = 4F0840CF2785699F0082D259 /* LaunchScreen.storyboard */; };
		4F0840DC2785699F0082D259 /* GuessMe_iOSTests.swift in Sources */ = {isa = PBXBuildFile; fileRef = 4F0840DB2785699F0082D259 /* GuessMe_iOSTests.swift */; };
		4F0840E62785699F0082D259 /* GuessMe_iOSUITests.swift in Sources */ = {isa = PBXBuildFile; fileRef = 4F0840E52785699F0082D259 /* GuessMe_iOSUITests.swift */; };
		4F0840E82785699F0082D259 /* GuessMe_iOSUITestsLaunchTests.swift in Sources */ = {isa = PBXBuildFile; fileRef = 4F0840E72785699F0082D259 /* GuessMe_iOSUITestsLaunchTests.swift */; };
		4F1E7F63278AB64400F209C3 /* QuizTableViewCell.swift in Sources */ = {isa = PBXBuildFile; fileRef = 4F1E7F5E278AB64400F209C3 /* QuizTableViewCell.swift */; };
		4F1E7F64278AB64400F209C3 /* QuizViewController.swift in Sources */ = {isa = PBXBuildFile; fileRef = 4F1E7F5F278AB64400F209C3 /* QuizViewController.swift */; };
		4F1E7F65278AB64400F209C3 /* Quiz.swift in Sources */ = {isa = PBXBuildFile; fileRef = 4F1E7F60278AB64400F209C3 /* Quiz.swift */; };
		4F1E7F66278AB64400F209C3 /* QuizViewModel.swift in Sources */ = {isa = PBXBuildFile; fileRef = 4F1E7F61278AB64400F209C3 /* QuizViewModel.swift */; };
		4F1E7F67278AB64400F209C3 /* QuizType.swift in Sources */ = {isa = PBXBuildFile; fileRef = 4F1E7F62278AB64400F209C3 /* QuizType.swift */; };
		4F1E7F6A278AB6F500F209C3 /* TabBarController.swift in Sources */ = {isa = PBXBuildFile; fileRef = 4F1E7F69278AB6F500F209C3 /* TabBarController.swift */; };
		4F1E7F6D278ABAEC00F209C3 /* TabBarTag.swift in Sources */ = {isa = PBXBuildFile; fileRef = 4F1E7F6C278ABAEC00F209C3 /* TabBarTag.swift */; };
		4F5ACFCB2789E98400A62002 /* MainViewModel.swift in Sources */ = {isa = PBXBuildFile; fileRef = 4F5ACFCA2789E98400A62002 /* MainViewModel.swift */; };
		EE95A97BED064D497D5A66AE /* Pods_GuessMe_iOSTests.framework in Frameworks */ = {isa = PBXBuildFile; fileRef = DCB89D016A9E3D74DF8E122C /* Pods_GuessMe_iOSTests.framework */; };
		FAB89886D3D53C3612A5302F /* Pods_GuessMe_iOS.framework in Frameworks */ = {isa = PBXBuildFile; fileRef = 443B4D71CD87CE38E2B5C099 /* Pods_GuessMe_iOS.framework */; };
/* End PBXBuildFile section */

/* Begin PBXContainerItemProxy section */
		4F0840D82785699F0082D259 /* PBXContainerItemProxy */ = {
			isa = PBXContainerItemProxy;
			containerPortal = 4F0840B92785699E0082D259 /* Project object */;
			proxyType = 1;
			remoteGlobalIDString = 4F0840C02785699E0082D259;
			remoteInfo = GuessMe_iOS;
		};
		4F0840E22785699F0082D259 /* PBXContainerItemProxy */ = {
			isa = PBXContainerItemProxy;
			containerPortal = 4F0840B92785699E0082D259 /* Project object */;
			proxyType = 1;
			remoteGlobalIDString = 4F0840C02785699E0082D259;
			remoteInfo = GuessMe_iOS;
		};
/* End PBXContainerItemProxy section */

/* Begin PBXFileReference section */
		0621F7AA2785EDAB00BF5F17 /* .gitignore */ = {isa = PBXFileReference; lastKnownFileType = text; path = .gitignore; sourceTree = "<group>"; };
		0621F7B02785EE1000BF5F17 /* LoginViewController.swift */ = {isa = PBXFileReference; lastKnownFileType = sourcecode.swift; path = LoginViewController.swift; sourceTree = "<group>"; };
		0621F7B32785EFB200BF5F17 /* UIColor+.swift */ = {isa = PBXFileReference; fileEncoding = 4; lastKnownFileType = sourcecode.swift; path = "UIColor+.swift"; sourceTree = "<group>"; };
		0653E186278A71CB00F92249 /* LoginViewModel.swift */ = {isa = PBXFileReference; lastKnownFileType = sourcecode.swift; path = LoginViewModel.swift; sourceTree = "<group>"; };
		0653E188278A72D500F92249 /* Api.swift */ = {isa = PBXFileReference; lastKnownFileType = sourcecode.swift; path = Api.swift; sourceTree = "<group>"; };
		0653E18C278A7F0900F92249 /* SignUpViewModel.swift */ = {isa = PBXFileReference; lastKnownFileType = sourcecode.swift; path = SignUpViewModel.swift; sourceTree = "<group>"; };
		06E1DAE4278A9AB500F2FD76 /* TokenInterceptor.swift */ = {isa = PBXFileReference; lastKnownFileType = sourcecode.swift; path = TokenInterceptor.swift; sourceTree = "<group>"; };
		06E1DAEF278ACB5E00F2FD76 /* Rank.swift */ = {isa = PBXFileReference; fileEncoding = 4; lastKnownFileType = sourcecode.swift; path = Rank.swift; sourceTree = "<group>"; };
		06E1DAF1278ACB6C00F2FD76 /* MyPageTableViewCell.swift */ = {isa = PBXFileReference; fileEncoding = 4; lastKnownFileType = sourcecode.swift; path = MyPageTableViewCell.swift; sourceTree = "<group>"; };
		06E1DAF2278ACB6C00F2FD76 /* MyPageTableViewController.swift */ = {isa = PBXFileReference; fileEncoding = 4; lastKnownFileType = sourcecode.swift; path = MyPageTableViewController.swift; sourceTree = "<group>"; };
		06E1DAF5278ACBE500F2FD76 /* SignUpViewController.swift */ = {isa = PBXFileReference; fileEncoding = 4; lastKnownFileType = sourcecode.swift; path = SignUpViewController.swift; sourceTree = "<group>"; };
		06E1DAF7278ACED000F2FD76 /* MyPageViewModel.swift */ = {isa = PBXFileReference; lastKnownFileType = sourcecode.swift; path = MyPageViewModel.swift; sourceTree = "<group>"; };
		288071CEA52D49557F7512AD /* Pods-GuessMe_iOSTests.debug.xcconfig */ = {isa = PBXFileReference; includeInIndex = 1; lastKnownFileType = text.xcconfig; name = "Pods-GuessMe_iOSTests.debug.xcconfig"; path = "Target Support Files/Pods-GuessMe_iOSTests/Pods-GuessMe_iOSTests.debug.xcconfig"; sourceTree = "<group>"; };
		443B4D71CD87CE38E2B5C099 /* Pods_GuessMe_iOS.framework */ = {isa = PBXFileReference; explicitFileType = wrapper.framework; includeInIndex = 0; path = Pods_GuessMe_iOS.framework; sourceTree = BUILT_PRODUCTS_DIR; };
		4F0840C12785699E0082D259 /* GuessMe_iOS.app */ = {isa = PBXFileReference; explicitFileType = wrapper.application; includeInIndex = 0; path = GuessMe_iOS.app; sourceTree = BUILT_PRODUCTS_DIR; };
		4F0840C42785699E0082D259 /* AppDelegate.swift */ = {isa = PBXFileReference; lastKnownFileType = sourcecode.swift; path = AppDelegate.swift; sourceTree = "<group>"; };
		4F0840C62785699E0082D259 /* SceneDelegate.swift */ = {isa = PBXFileReference; lastKnownFileType = sourcecode.swift; path = SceneDelegate.swift; sourceTree = "<group>"; };
		4F0840C82785699E0082D259 /* MainViewController.swift */ = {isa = PBXFileReference; lastKnownFileType = sourcecode.swift; path = MainViewController.swift; sourceTree = "<group>"; };
		4F0840CD2785699F0082D259 /* Assets.xcassets */ = {isa = PBXFileReference; lastKnownFileType = folder.assetcatalog; path = Assets.xcassets; sourceTree = "<group>"; };
		4F0840D02785699F0082D259 /* Base */ = {isa = PBXFileReference; lastKnownFileType = file.storyboard; name = Base; path = Base.lproj/LaunchScreen.storyboard; sourceTree = "<group>"; };
		4F0840D22785699F0082D259 /* Info.plist */ = {isa = PBXFileReference; lastKnownFileType = text.plist.xml; path = Info.plist; sourceTree = "<group>"; };
		4F0840D72785699F0082D259 /* GuessMe_iOSTests.xctest */ = {isa = PBXFileReference; explicitFileType = wrapper.cfbundle; includeInIndex = 0; path = GuessMe_iOSTests.xctest; sourceTree = BUILT_PRODUCTS_DIR; };
		4F0840DB2785699F0082D259 /* GuessMe_iOSTests.swift */ = {isa = PBXFileReference; lastKnownFileType = sourcecode.swift; path = GuessMe_iOSTests.swift; sourceTree = "<group>"; };
		4F0840E12785699F0082D259 /* GuessMe_iOSUITests.xctest */ = {isa = PBXFileReference; explicitFileType = wrapper.cfbundle; includeInIndex = 0; path = GuessMe_iOSUITests.xctest; sourceTree = BUILT_PRODUCTS_DIR; };
		4F0840E52785699F0082D259 /* GuessMe_iOSUITests.swift */ = {isa = PBXFileReference; lastKnownFileType = sourcecode.swift; path = GuessMe_iOSUITests.swift; sourceTree = "<group>"; };
		4F0840E72785699F0082D259 /* GuessMe_iOSUITestsLaunchTests.swift */ = {isa = PBXFileReference; lastKnownFileType = sourcecode.swift; path = GuessMe_iOSUITestsLaunchTests.swift; sourceTree = "<group>"; };
		4F1E7F5E278AB64400F209C3 /* QuizTableViewCell.swift */ = {isa = PBXFileReference; fileEncoding = 4; lastKnownFileType = sourcecode.swift; path = QuizTableViewCell.swift; sourceTree = "<group>"; };
		4F1E7F5F278AB64400F209C3 /* QuizViewController.swift */ = {isa = PBXFileReference; fileEncoding = 4; lastKnownFileType = sourcecode.swift; path = QuizViewController.swift; sourceTree = "<group>"; };
		4F1E7F60278AB64400F209C3 /* Quiz.swift */ = {isa = PBXFileReference; fileEncoding = 4; lastKnownFileType = sourcecode.swift; path = Quiz.swift; sourceTree = "<group>"; };
		4F1E7F61278AB64400F209C3 /* QuizViewModel.swift */ = {isa = PBXFileReference; fileEncoding = 4; lastKnownFileType = sourcecode.swift; path = QuizViewModel.swift; sourceTree = "<group>"; };
		4F1E7F62278AB64400F209C3 /* QuizType.swift */ = {isa = PBXFileReference; fileEncoding = 4; lastKnownFileType = sourcecode.swift; path = QuizType.swift; sourceTree = "<group>"; };
		4F1E7F69278AB6F500F209C3 /* TabBarController.swift */ = {isa = PBXFileReference; lastKnownFileType = sourcecode.swift; path = TabBarController.swift; sourceTree = "<group>"; };
		4F1E7F6C278ABAEC00F209C3 /* TabBarTag.swift */ = {isa = PBXFileReference; lastKnownFileType = sourcecode.swift; path = TabBarTag.swift; sourceTree = "<group>"; };
		4F5ACFCA2789E98400A62002 /* MainViewModel.swift */ = {isa = PBXFileReference; lastKnownFileType = sourcecode.swift; path = MainViewModel.swift; sourceTree = "<group>"; };
		6EBAB27AE6DEAC30255A107E /* Pods-GuessMe_iOS.debug.xcconfig */ = {isa = PBXFileReference; includeInIndex = 1; lastKnownFileType = text.xcconfig; name = "Pods-GuessMe_iOS.debug.xcconfig"; path = "Target Support Files/Pods-GuessMe_iOS/Pods-GuessMe_iOS.debug.xcconfig"; sourceTree = "<group>"; };
		AE64331BADBCDBD28D1F6476 /* Pods-GuessMe_iOS.release.xcconfig */ = {isa = PBXFileReference; includeInIndex = 1; lastKnownFileType = text.xcconfig; name = "Pods-GuessMe_iOS.release.xcconfig"; path = "Target Support Files/Pods-GuessMe_iOS/Pods-GuessMe_iOS.release.xcconfig"; sourceTree = "<group>"; };
		D96A943159DF4AB2C594DDA3 /* Pods-GuessMe_iOSTests.release.xcconfig */ = {isa = PBXFileReference; includeInIndex = 1; lastKnownFileType = text.xcconfig; name = "Pods-GuessMe_iOSTests.release.xcconfig"; path = "Target Support Files/Pods-GuessMe_iOSTests/Pods-GuessMe_iOSTests.release.xcconfig"; sourceTree = "<group>"; };
		DCB89D016A9E3D74DF8E122C /* Pods_GuessMe_iOSTests.framework */ = {isa = PBXFileReference; explicitFileType = wrapper.framework; includeInIndex = 0; path = Pods_GuessMe_iOSTests.framework; sourceTree = BUILT_PRODUCTS_DIR; };
/* End PBXFileReference section */

/* Begin PBXFrameworksBuildPhase section */
		4F0840BE2785699E0082D259 /* Frameworks */ = {
			isa = PBXFrameworksBuildPhase;
			buildActionMask = 2147483647;
			files = (
				FAB89886D3D53C3612A5302F /* Pods_GuessMe_iOS.framework in Frameworks */,
			);
			runOnlyForDeploymentPostprocessing = 0;
		};
		4F0840D42785699F0082D259 /* Frameworks */ = {
			isa = PBXFrameworksBuildPhase;
			buildActionMask = 2147483647;
			files = (
				EE95A97BED064D497D5A66AE /* Pods_GuessMe_iOSTests.framework in Frameworks */,
			);
			runOnlyForDeploymentPostprocessing = 0;
		};
		4F0840DE2785699F0082D259 /* Frameworks */ = {
			isa = PBXFrameworksBuildPhase;
			buildActionMask = 2147483647;
			files = (
			);
			runOnlyForDeploymentPostprocessing = 0;
		};
/* End PBXFrameworksBuildPhase section */

/* Begin PBXGroup section */
		0621F7B22785EFB200BF5F17 /* Extension */ = {
			isa = PBXGroup;
			children = (
				0621F7B32785EFB200BF5F17 /* UIColor+.swift */,
			);
			path = Extension;
			sourceTree = "<group>";
		};
		0653E181278A702900F92249 /* Login */ = {
			isa = PBXGroup;
			children = (
				0621F7B02785EE1000BF5F17 /* LoginViewController.swift */,
				0653E186278A71CB00F92249 /* LoginViewModel.swift */,
			);
			path = Login;
			sourceTree = "<group>";
		};
		0653E18B278A7EC800F92249 /* SignUp */ = {
			isa = PBXGroup;
			children = (
				06E1DAF5278ACBE500F2FD76 /* SignUpViewController.swift */,
				0653E18C278A7F0900F92249 /* SignUpViewModel.swift */,
			);
			path = SignUp;
			sourceTree = "<group>";
		};
		06A29097A1E49EDB4B5C1E9C /* Pods */ = {
			isa = PBXGroup;
			children = (
				6EBAB27AE6DEAC30255A107E /* Pods-GuessMe_iOS.debug.xcconfig */,
				AE64331BADBCDBD28D1F6476 /* Pods-GuessMe_iOS.release.xcconfig */,
				288071CEA52D49557F7512AD /* Pods-GuessMe_iOSTests.debug.xcconfig */,
				D96A943159DF4AB2C594DDA3 /* Pods-GuessMe_iOSTests.release.xcconfig */,
			);
			path = Pods;
			sourceTree = "<group>";
		};
		4F0840B82785699E0082D259 = {
			isa = PBXGroup;
			children = (
				0621F7AA2785EDAB00BF5F17 /* .gitignore */,
				4F0840C32785699E0082D259 /* GuessMe_iOS */,
				4F0840DA2785699F0082D259 /* GuessMe_iOSTests */,
				4F0840E42785699F0082D259 /* GuessMe_iOSUITests */,
				4F0840C22785699E0082D259 /* Products */,
				06A29097A1E49EDB4B5C1E9C /* Pods */,
				B2D3F68772B2844D7EBCEAB9 /* Frameworks */,
			);
			sourceTree = "<group>";
		};
		4F0840C22785699E0082D259 /* Products */ = {
			isa = PBXGroup;
			children = (
				4F0840C12785699E0082D259 /* GuessMe_iOS.app */,
				4F0840D72785699F0082D259 /* GuessMe_iOSTests.xctest */,
				4F0840E12785699F0082D259 /* GuessMe_iOSUITests.xctest */,
			);
			name = Products;
			sourceTree = "<group>";
		};
		4F0840C32785699E0082D259 /* GuessMe_iOS */ = {
			isa = PBXGroup;
			children = (
				4F1E7F68278AB65800F209C3 /* Model */,
				4F1E7F5D278AB5D800F209C3 /* Mypage */,
				4F1E7F5C278AB5BA00F209C3 /* Main */,
				4F1E7F5B278AB5B300F209C3 /* Quiz */,
				0653E18B278A7EC800F92249 /* SignUp */,
				0653E181278A702900F92249 /* Login */,
				0621F7B22785EFB200BF5F17 /* Extension */,
				4F0840C42785699E0082D259 /* AppDelegate.swift */,
				4F0840C62785699E0082D259 /* SceneDelegate.swift */,
				4F0840CD2785699F0082D259 /* Assets.xcassets */,
				4F0840CF2785699F0082D259 /* LaunchScreen.storyboard */,
				4F0840D22785699F0082D259 /* Info.plist */,
				0653E188278A72D500F92249 /* Api.swift */,
				06E1DAE4278A9AB500F2FD76 /* TokenInterceptor.swift */,
			);
			path = GuessMe_iOS;
			sourceTree = "<group>";
		};
		4F0840DA2785699F0082D259 /* GuessMe_iOSTests */ = {
			isa = PBXGroup;
			children = (
				4F0840DB2785699F0082D259 /* GuessMe_iOSTests.swift */,
			);
			path = GuessMe_iOSTests;
			sourceTree = "<group>";
		};
		4F0840E42785699F0082D259 /* GuessMe_iOSUITests */ = {
			isa = PBXGroup;
			children = (
				4F0840E52785699F0082D259 /* GuessMe_iOSUITests.swift */,
				4F0840E72785699F0082D259 /* GuessMe_iOSUITestsLaunchTests.swift */,
			);
			path = GuessMe_iOSUITests;
			sourceTree = "<group>";
		};
		4F1E7F5B278AB5B300F209C3 /* Quiz */ = {
			isa = PBXGroup;
			children = (
				4F1E7F5E278AB64400F209C3 /* QuizTableViewCell.swift */,
				4F1E7F62278AB64400F209C3 /* QuizType.swift */,
				4F1E7F5F278AB64400F209C3 /* QuizViewController.swift */,
				4F1E7F61278AB64400F209C3 /* QuizViewModel.swift */,
			);
			path = Quiz;
			sourceTree = "<group>";
		};
		4F1E7F5C278AB5BA00F209C3 /* Main */ = {
			isa = PBXGroup;
			children = (
				4F1E7F6B278ABAD200F209C3 /* tabBar */,
				4F0840C82785699E0082D259 /* MainViewController.swift */,
				4F5ACFCA2789E98400A62002 /* MainViewModel.swift */,
			);
			path = Main;
			sourceTree = "<group>";
		};
		4F1E7F5D278AB5D800F209C3 /* Mypage */ = {
			isa = PBXGroup;
			children = (
				06E1DAF1278ACB6C00F2FD76 /* MyPageTableViewCell.swift */,
				06E1DAF2278ACB6C00F2FD76 /* MyPageTableViewController.swift */,
				06E1DAF7278ACED000F2FD76 /* MyPageViewModel.swift */,
			);
			path = Mypage;
			sourceTree = "<group>";
		};
		4F1E7F68278AB65800F209C3 /* Model */ = {
			isa = PBXGroup;
			children = (
				06E1DAEF278ACB5E00F2FD76 /* Rank.swift */,
				4F1E7F60278AB64400F209C3 /* Quiz.swift */,
			);
			path = Model;
			sourceTree = "<group>";
		};
		4F1E7F6B278ABAD200F209C3 /* tabBar */ = {
			isa = PBXGroup;
			children = (
				4F1E7F69278AB6F500F209C3 /* TabBarController.swift */,
				4F1E7F6C278ABAEC00F209C3 /* TabBarTag.swift */,
			);
			path = tabBar;
			sourceTree = "<group>";
		};
		B2D3F68772B2844D7EBCEAB9 /* Frameworks */ = {
			isa = PBXGroup;
			children = (
				443B4D71CD87CE38E2B5C099 /* Pods_GuessMe_iOS.framework */,
				DCB89D016A9E3D74DF8E122C /* Pods_GuessMe_iOSTests.framework */,
			);
			name = Frameworks;
			sourceTree = "<group>";
		};
/* End PBXGroup section */

/* Begin PBXNativeTarget section */
		4F0840C02785699E0082D259 /* GuessMe_iOS */ = {
			isa = PBXNativeTarget;
			buildConfigurationList = 4F0840EB2785699F0082D259 /* Build configuration list for PBXNativeTarget "GuessMe_iOS" */;
			buildPhases = (
				53F8F0CC74A09AA5803E7414 /* [CP] Check Pods Manifest.lock */,
				4F0840BD2785699E0082D259 /* Sources */,
				4F0840BE2785699E0082D259 /* Frameworks */,
				4F0840BF2785699E0082D259 /* Resources */,
				87B4F8A9026840A7E7C5AA82 /* [CP] Embed Pods Frameworks */,
			);
			buildRules = (
			);
			dependencies = (
			);
			name = GuessMe_iOS;
			productName = GuessMe_iOS;
			productReference = 4F0840C12785699E0082D259 /* GuessMe_iOS.app */;
			productType = "com.apple.product-type.application";
		};
		4F0840D62785699F0082D259 /* GuessMe_iOSTests */ = {
			isa = PBXNativeTarget;
			buildConfigurationList = 4F0840EE2785699F0082D259 /* Build configuration list for PBXNativeTarget "GuessMe_iOSTests" */;
			buildPhases = (
				903C7138753E58B93D192DDB /* [CP] Check Pods Manifest.lock */,
				4F0840D32785699F0082D259 /* Sources */,
				4F0840D42785699F0082D259 /* Frameworks */,
				4F0840D52785699F0082D259 /* Resources */,
				0485E9E9EE684F4AEB2D4DF1 /* [CP] Embed Pods Frameworks */,
			);
			buildRules = (
			);
			dependencies = (
				4F0840D92785699F0082D259 /* PBXTargetDependency */,
			);
			name = GuessMe_iOSTests;
			productName = GuessMe_iOSTests;
			productReference = 4F0840D72785699F0082D259 /* GuessMe_iOSTests.xctest */;
			productType = "com.apple.product-type.bundle.unit-test";
		};
		4F0840E02785699F0082D259 /* GuessMe_iOSUITests */ = {
			isa = PBXNativeTarget;
			buildConfigurationList = 4F0840F12785699F0082D259 /* Build configuration list for PBXNativeTarget "GuessMe_iOSUITests" */;
			buildPhases = (
				4F0840DD2785699F0082D259 /* Sources */,
				4F0840DE2785699F0082D259 /* Frameworks */,
				4F0840DF2785699F0082D259 /* Resources */,
			);
			buildRules = (
			);
			dependencies = (
				4F0840E32785699F0082D259 /* PBXTargetDependency */,
			);
			name = GuessMe_iOSUITests;
			productName = GuessMe_iOSUITests;
			productReference = 4F0840E12785699F0082D259 /* GuessMe_iOSUITests.xctest */;
			productType = "com.apple.product-type.bundle.ui-testing";
		};
/* End PBXNativeTarget section */

/* Begin PBXProject section */
		4F0840B92785699E0082D259 /* Project object */ = {
			isa = PBXProject;
			attributes = {
				BuildIndependentTargetsInParallel = 1;
				LastSwiftUpdateCheck = 1310;
				LastUpgradeCheck = 1310;
				TargetAttributes = {
					4F0840C02785699E0082D259 = {
						CreatedOnToolsVersion = 13.1;
					};
					4F0840D62785699F0082D259 = {
						CreatedOnToolsVersion = 13.1;
						TestTargetID = 4F0840C02785699E0082D259;
					};
					4F0840E02785699F0082D259 = {
						CreatedOnToolsVersion = 13.1;
						TestTargetID = 4F0840C02785699E0082D259;
					};
				};
			};
			buildConfigurationList = 4F0840BC2785699E0082D259 /* Build configuration list for PBXProject "GuessMe_iOS" */;
			compatibilityVersion = "Xcode 13.0";
			developmentRegion = en;
			hasScannedForEncodings = 0;
			knownRegions = (
				en,
				Base,
			);
			mainGroup = 4F0840B82785699E0082D259;
			productRefGroup = 4F0840C22785699E0082D259 /* Products */;
			projectDirPath = "";
			projectRoot = "";
			targets = (
				4F0840C02785699E0082D259 /* GuessMe_iOS */,
				4F0840D62785699F0082D259 /* GuessMe_iOSTests */,
				4F0840E02785699F0082D259 /* GuessMe_iOSUITests */,
			);
		};
/* End PBXProject section */

/* Begin PBXResourcesBuildPhase section */
		4F0840BF2785699E0082D259 /* Resources */ = {
			isa = PBXResourcesBuildPhase;
			buildActionMask = 2147483647;
			files = (
				0621F7AB2785EDAB00BF5F17 /* .gitignore in Resources */,
				4F0840D12785699F0082D259 /* LaunchScreen.storyboard in Resources */,
				4F0840CE2785699F0082D259 /* Assets.xcassets in Resources */,
			);
			runOnlyForDeploymentPostprocessing = 0;
		};
		4F0840D52785699F0082D259 /* Resources */ = {
			isa = PBXResourcesBuildPhase;
			buildActionMask = 2147483647;
			files = (
			);
			runOnlyForDeploymentPostprocessing = 0;
		};
		4F0840DF2785699F0082D259 /* Resources */ = {
			isa = PBXResourcesBuildPhase;
			buildActionMask = 2147483647;
			files = (
			);
			runOnlyForDeploymentPostprocessing = 0;
		};
/* End PBXResourcesBuildPhase section */

/* Begin PBXShellScriptBuildPhase section */
		0485E9E9EE684F4AEB2D4DF1 /* [CP] Embed Pods Frameworks */ = {
			isa = PBXShellScriptBuildPhase;
			buildActionMask = 2147483647;
			files = (
			);
			inputFileListPaths = (
				"${PODS_ROOT}/Target Support Files/Pods-GuessMe_iOSTests/Pods-GuessMe_iOSTests-frameworks-${CONFIGURATION}-input-files.xcfilelist",
			);
			name = "[CP] Embed Pods Frameworks";
			outputFileListPaths = (
				"${PODS_ROOT}/Target Support Files/Pods-GuessMe_iOSTests/Pods-GuessMe_iOSTests-frameworks-${CONFIGURATION}-output-files.xcfilelist",
			);
			runOnlyForDeploymentPostprocessing = 0;
			shellPath = /bin/sh;
			shellScript = "\"${PODS_ROOT}/Target Support Files/Pods-GuessMe_iOSTests/Pods-GuessMe_iOSTests-frameworks.sh\"\n";
			showEnvVarsInLog = 0;
		};
		53F8F0CC74A09AA5803E7414 /* [CP] Check Pods Manifest.lock */ = {
			isa = PBXShellScriptBuildPhase;
			buildActionMask = 2147483647;
			files = (
			);
			inputFileListPaths = (
			);
			inputPaths = (
				"${PODS_PODFILE_DIR_PATH}/Podfile.lock",
				"${PODS_ROOT}/Manifest.lock",
			);
			name = "[CP] Check Pods Manifest.lock";
			outputFileListPaths = (
			);
			outputPaths = (
				"$(DERIVED_FILE_DIR)/Pods-GuessMe_iOS-checkManifestLockResult.txt",
			);
			runOnlyForDeploymentPostprocessing = 0;
			shellPath = /bin/sh;
			shellScript = "diff \"${PODS_PODFILE_DIR_PATH}/Podfile.lock\" \"${PODS_ROOT}/Manifest.lock\" > /dev/null\nif [ $? != 0 ] ; then\n    # print error to STDERR\n    echo \"error: The sandbox is not in sync with the Podfile.lock. Run 'pod install' or update your CocoaPods installation.\" >&2\n    exit 1\nfi\n# This output is used by Xcode 'outputs' to avoid re-running this script phase.\necho \"SUCCESS\" > \"${SCRIPT_OUTPUT_FILE_0}\"\n";
			showEnvVarsInLog = 0;
		};
		87B4F8A9026840A7E7C5AA82 /* [CP] Embed Pods Frameworks */ = {
			isa = PBXShellScriptBuildPhase;
			buildActionMask = 2147483647;
			files = (
			);
			inputFileListPaths = (
				"${PODS_ROOT}/Target Support Files/Pods-GuessMe_iOS/Pods-GuessMe_iOS-frameworks-${CONFIGURATION}-input-files.xcfilelist",
			);
			name = "[CP] Embed Pods Frameworks";
			outputFileListPaths = (
				"${PODS_ROOT}/Target Support Files/Pods-GuessMe_iOS/Pods-GuessMe_iOS-frameworks-${CONFIGURATION}-output-files.xcfilelist",
			);
			runOnlyForDeploymentPostprocessing = 0;
			shellPath = /bin/sh;
			shellScript = "\"${PODS_ROOT}/Target Support Files/Pods-GuessMe_iOS/Pods-GuessMe_iOS-frameworks.sh\"\n";
			showEnvVarsInLog = 0;
		};
		903C7138753E58B93D192DDB /* [CP] Check Pods Manifest.lock */ = {
			isa = PBXShellScriptBuildPhase;
			buildActionMask = 2147483647;
			files = (
			);
			inputFileListPaths = (
			);
			inputPaths = (
				"${PODS_PODFILE_DIR_PATH}/Podfile.lock",
				"${PODS_ROOT}/Manifest.lock",
			);
			name = "[CP] Check Pods Manifest.lock";
			outputFileListPaths = (
			);
			outputPaths = (
				"$(DERIVED_FILE_DIR)/Pods-GuessMe_iOSTests-checkManifestLockResult.txt",
			);
			runOnlyForDeploymentPostprocessing = 0;
			shellPath = /bin/sh;
			shellScript = "diff \"${PODS_PODFILE_DIR_PATH}/Podfile.lock\" \"${PODS_ROOT}/Manifest.lock\" > /dev/null\nif [ $? != 0 ] ; then\n    # print error to STDERR\n    echo \"error: The sandbox is not in sync with the Podfile.lock. Run 'pod install' or update your CocoaPods installation.\" >&2\n    exit 1\nfi\n# This output is used by Xcode 'outputs' to avoid re-running this script phase.\necho \"SUCCESS\" > \"${SCRIPT_OUTPUT_FILE_0}\"\n";
			showEnvVarsInLog = 0;
		};
/* End PBXShellScriptBuildPhase section */

/* Begin PBXSourcesBuildPhase section */
		4F0840BD2785699E0082D259 /* Sources */ = {
			isa = PBXSourcesBuildPhase;
			buildActionMask = 2147483647;
			files = (
				06E1DAF6278ACBE500F2FD76 /* SignUpViewController.swift in Sources */,
				06E1DAF0278ACB5E00F2FD76 /* Rank.swift in Sources */,
				4F1E7F67278AB64400F209C3 /* QuizType.swift in Sources */,
				4F1E7F63278AB64400F209C3 /* QuizTableViewCell.swift in Sources */,
				0653E182278A709100F92249 /* LoginViewController.swift in Sources */,
				4F0840C92785699E0082D259 /* MainViewController.swift in Sources */,
				4F1E7F64278AB64400F209C3 /* QuizViewController.swift in Sources */,
				06E1DAF3278ACB6C00F2FD76 /* MyPageTableViewCell.swift in Sources */,
				06E1DAF8278ACED000F2FD76 /* MyPageViewModel.swift in Sources */,
				4F0840C92785699E0082D259 /* MainViewController.swift in Sources */,
				06E1DAF4278ACB6C00F2FD76 /* MyPageTableViewController.swift in Sources */,
				0653E18D278A7F0900F92249 /* SignUpViewModel.swift in Sources */,
				06E1DAE5278A9AB500F2FD76 /* TokenInterceptor.swift in Sources */,
				4F0840C52785699E0082D259 /* AppDelegate.swift in Sources */,
				4F1E7F6A278AB6F500F209C3 /* TabBarController.swift in Sources */,
				4F0840C72785699E0082D259 /* SceneDelegate.swift in Sources */,
				0653E189278A72D500F92249 /* Api.swift in Sources */,
				0653E187278A71CB00F92249 /* LoginViewModel.swift in Sources */,
				0621F7B42785EFB200BF5F17 /* UIColor+.swift in Sources */,
				4F1E7F66278AB64400F209C3 /* QuizViewModel.swift in Sources */,
				4F1E7F65278AB64400F209C3 /* Quiz.swift in Sources */,
				4F1E7F6D278ABAEC00F209C3 /* TabBarTag.swift in Sources */,
				4F5ACFCB2789E98400A62002 /* MainViewModel.swift in Sources */,
			);
			runOnlyForDeploymentPostprocessing = 0;
		};
		4F0840D32785699F0082D259 /* Sources */ = {
			isa = PBXSourcesBuildPhase;
			buildActionMask = 2147483647;
			files = (
				4F0840DC2785699F0082D259 /* GuessMe_iOSTests.swift in Sources */,
			);
			runOnlyForDeploymentPostprocessing = 0;
		};
		4F0840DD2785699F0082D259 /* Sources */ = {
			isa = PBXSourcesBuildPhase;
			buildActionMask = 2147483647;
			files = (
				4F0840E82785699F0082D259 /* GuessMe_iOSUITestsLaunchTests.swift in Sources */,
				4F0840E62785699F0082D259 /* GuessMe_iOSUITests.swift in Sources */,
			);
			runOnlyForDeploymentPostprocessing = 0;
		};
/* End PBXSourcesBuildPhase section */

/* Begin PBXTargetDependency section */
		4F0840D92785699F0082D259 /* PBXTargetDependency */ = {
			isa = PBXTargetDependency;
			target = 4F0840C02785699E0082D259 /* GuessMe_iOS */;
			targetProxy = 4F0840D82785699F0082D259 /* PBXContainerItemProxy */;
		};
		4F0840E32785699F0082D259 /* PBXTargetDependency */ = {
			isa = PBXTargetDependency;
			target = 4F0840C02785699E0082D259 /* GuessMe_iOS */;
			targetProxy = 4F0840E22785699F0082D259 /* PBXContainerItemProxy */;
		};
/* End PBXTargetDependency section */

/* Begin PBXVariantGroup section */
		4F0840CF2785699F0082D259 /* LaunchScreen.storyboard */ = {
			isa = PBXVariantGroup;
			children = (
				4F0840D02785699F0082D259 /* Base */,
			);
			name = LaunchScreen.storyboard;
			sourceTree = "<group>";
		};
/* End PBXVariantGroup section */

/* Begin XCBuildConfiguration section */
		4F0840E92785699F0082D259 /* Debug */ = {
			isa = XCBuildConfiguration;
			buildSettings = {
				ALWAYS_SEARCH_USER_PATHS = NO;
				CLANG_ANALYZER_NONNULL = YES;
				CLANG_ANALYZER_NUMBER_OBJECT_CONVERSION = YES_AGGRESSIVE;
				CLANG_CXX_LANGUAGE_STANDARD = "gnu++17";
				CLANG_CXX_LIBRARY = "libc++";
				CLANG_ENABLE_MODULES = YES;
				CLANG_ENABLE_OBJC_ARC = YES;
				CLANG_ENABLE_OBJC_WEAK = YES;
				CLANG_WARN_BLOCK_CAPTURE_AUTORELEASING = YES;
				CLANG_WARN_BOOL_CONVERSION = YES;
				CLANG_WARN_COMMA = YES;
				CLANG_WARN_CONSTANT_CONVERSION = YES;
				CLANG_WARN_DEPRECATED_OBJC_IMPLEMENTATIONS = YES;
				CLANG_WARN_DIRECT_OBJC_ISA_USAGE = YES_ERROR;
				CLANG_WARN_DOCUMENTATION_COMMENTS = YES;
				CLANG_WARN_EMPTY_BODY = YES;
				CLANG_WARN_ENUM_CONVERSION = YES;
				CLANG_WARN_INFINITE_RECURSION = YES;
				CLANG_WARN_INT_CONVERSION = YES;
				CLANG_WARN_NON_LITERAL_NULL_CONVERSION = YES;
				CLANG_WARN_OBJC_IMPLICIT_RETAIN_SELF = YES;
				CLANG_WARN_OBJC_LITERAL_CONVERSION = YES;
				CLANG_WARN_OBJC_ROOT_CLASS = YES_ERROR;
				CLANG_WARN_QUOTED_INCLUDE_IN_FRAMEWORK_HEADER = YES;
				CLANG_WARN_RANGE_LOOP_ANALYSIS = YES;
				CLANG_WARN_STRICT_PROTOTYPES = YES;
				CLANG_WARN_SUSPICIOUS_MOVE = YES;
				CLANG_WARN_UNGUARDED_AVAILABILITY = YES_AGGRESSIVE;
				CLANG_WARN_UNREACHABLE_CODE = YES;
				CLANG_WARN__DUPLICATE_METHOD_MATCH = YES;
				COPY_PHASE_STRIP = NO;
				DEBUG_INFORMATION_FORMAT = dwarf;
				ENABLE_STRICT_OBJC_MSGSEND = YES;
				ENABLE_TESTABILITY = YES;
				GCC_C_LANGUAGE_STANDARD = gnu11;
				GCC_DYNAMIC_NO_PIC = NO;
				GCC_NO_COMMON_BLOCKS = YES;
				GCC_OPTIMIZATION_LEVEL = 0;
				GCC_PREPROCESSOR_DEFINITIONS = (
					"DEBUG=1",
					"$(inherited)",
				);
				GCC_WARN_64_TO_32_BIT_CONVERSION = YES;
				GCC_WARN_ABOUT_RETURN_TYPE = YES_ERROR;
				GCC_WARN_UNDECLARED_SELECTOR = YES;
				GCC_WARN_UNINITIALIZED_AUTOS = YES_AGGRESSIVE;
				GCC_WARN_UNUSED_FUNCTION = YES;
				GCC_WARN_UNUSED_VARIABLE = YES;
				IPHONEOS_DEPLOYMENT_TARGET = 15.0;
				MTL_ENABLE_DEBUG_INFO = INCLUDE_SOURCE;
				MTL_FAST_MATH = YES;
				ONLY_ACTIVE_ARCH = YES;
				SDKROOT = iphoneos;
				SWIFT_ACTIVE_COMPILATION_CONDITIONS = DEBUG;
				SWIFT_OPTIMIZATION_LEVEL = "-Onone";
			};
			name = Debug;
		};
		4F0840EA2785699F0082D259 /* Release */ = {
			isa = XCBuildConfiguration;
			buildSettings = {
				ALWAYS_SEARCH_USER_PATHS = NO;
				CLANG_ANALYZER_NONNULL = YES;
				CLANG_ANALYZER_NUMBER_OBJECT_CONVERSION = YES_AGGRESSIVE;
				CLANG_CXX_LANGUAGE_STANDARD = "gnu++17";
				CLANG_CXX_LIBRARY = "libc++";
				CLANG_ENABLE_MODULES = YES;
				CLANG_ENABLE_OBJC_ARC = YES;
				CLANG_ENABLE_OBJC_WEAK = YES;
				CLANG_WARN_BLOCK_CAPTURE_AUTORELEASING = YES;
				CLANG_WARN_BOOL_CONVERSION = YES;
				CLANG_WARN_COMMA = YES;
				CLANG_WARN_CONSTANT_CONVERSION = YES;
				CLANG_WARN_DEPRECATED_OBJC_IMPLEMENTATIONS = YES;
				CLANG_WARN_DIRECT_OBJC_ISA_USAGE = YES_ERROR;
				CLANG_WARN_DOCUMENTATION_COMMENTS = YES;
				CLANG_WARN_EMPTY_BODY = YES;
				CLANG_WARN_ENUM_CONVERSION = YES;
				CLANG_WARN_INFINITE_RECURSION = YES;
				CLANG_WARN_INT_CONVERSION = YES;
				CLANG_WARN_NON_LITERAL_NULL_CONVERSION = YES;
				CLANG_WARN_OBJC_IMPLICIT_RETAIN_SELF = YES;
				CLANG_WARN_OBJC_LITERAL_CONVERSION = YES;
				CLANG_WARN_OBJC_ROOT_CLASS = YES_ERROR;
				CLANG_WARN_QUOTED_INCLUDE_IN_FRAMEWORK_HEADER = YES;
				CLANG_WARN_RANGE_LOOP_ANALYSIS = YES;
				CLANG_WARN_STRICT_PROTOTYPES = YES;
				CLANG_WARN_SUSPICIOUS_MOVE = YES;
				CLANG_WARN_UNGUARDED_AVAILABILITY = YES_AGGRESSIVE;
				CLANG_WARN_UNREACHABLE_CODE = YES;
				CLANG_WARN__DUPLICATE_METHOD_MATCH = YES;
				COPY_PHASE_STRIP = NO;
				DEBUG_INFORMATION_FORMAT = "dwarf-with-dsym";
				ENABLE_NS_ASSERTIONS = NO;
				ENABLE_STRICT_OBJC_MSGSEND = YES;
				GCC_C_LANGUAGE_STANDARD = gnu11;
				GCC_NO_COMMON_BLOCKS = YES;
				GCC_WARN_64_TO_32_BIT_CONVERSION = YES;
				GCC_WARN_ABOUT_RETURN_TYPE = YES_ERROR;
				GCC_WARN_UNDECLARED_SELECTOR = YES;
				GCC_WARN_UNINITIALIZED_AUTOS = YES_AGGRESSIVE;
				GCC_WARN_UNUSED_FUNCTION = YES;
				GCC_WARN_UNUSED_VARIABLE = YES;
				IPHONEOS_DEPLOYMENT_TARGET = 15.0;
				MTL_ENABLE_DEBUG_INFO = NO;
				MTL_FAST_MATH = YES;
				SDKROOT = iphoneos;
				SWIFT_COMPILATION_MODE = wholemodule;
				SWIFT_OPTIMIZATION_LEVEL = "-O";
				VALIDATE_PRODUCT = YES;
			};
			name = Release;
		};
		4F0840EC2785699F0082D259 /* Debug */ = {
			isa = XCBuildConfiguration;
			baseConfigurationReference = 6EBAB27AE6DEAC30255A107E /* Pods-GuessMe_iOS.debug.xcconfig */;
			buildSettings = {
				ASSETCATALOG_COMPILER_APPICON_NAME = AppIcon;
				ASSETCATALOG_COMPILER_GLOBAL_ACCENT_COLOR_NAME = AccentColor;
				CODE_SIGN_STYLE = Automatic;
				CURRENT_PROJECT_VERSION = 1;
				DEVELOPMENT_TEAM = HAA376DX53;
				GENERATE_INFOPLIST_FILE = YES;
				INFOPLIST_FILE = GuessMe_iOS/Info.plist;
				INFOPLIST_KEY_UIApplicationSupportsIndirectInputEvents = YES;
				INFOPLIST_KEY_UILaunchStoryboardName = LaunchScreen;
				INFOPLIST_KEY_UISupportedInterfaceOrientations_iPad = "UIInterfaceOrientationPortrait UIInterfaceOrientationPortraitUpsideDown UIInterfaceOrientationLandscapeLeft UIInterfaceOrientationLandscapeRight";
				INFOPLIST_KEY_UISupportedInterfaceOrientations_iPhone = "UIInterfaceOrientationPortrait UIInterfaceOrientationLandscapeLeft UIInterfaceOrientationLandscapeRight";
				LD_RUNPATH_SEARCH_PATHS = (
					"$(inherited)",
					"@executable_path/Frameworks",
				);
				MARKETING_VERSION = 1.0;
				PRODUCT_BUNDLE_IDENTIFIER = "com.heegee.GuessMe-iOS";
				PRODUCT_NAME = "$(TARGET_NAME)";
				SWIFT_EMIT_LOC_STRINGS = YES;
				SWIFT_VERSION = 5.0;
				TARGETED_DEVICE_FAMILY = "1,2";
			};
			name = Debug;
		};
		4F0840ED2785699F0082D259 /* Release */ = {
			isa = XCBuildConfiguration;
			baseConfigurationReference = AE64331BADBCDBD28D1F6476 /* Pods-GuessMe_iOS.release.xcconfig */;
			buildSettings = {
				ASSETCATALOG_COMPILER_APPICON_NAME = AppIcon;
				ASSETCATALOG_COMPILER_GLOBAL_ACCENT_COLOR_NAME = AccentColor;
				CODE_SIGN_STYLE = Automatic;
				CURRENT_PROJECT_VERSION = 1;
				DEVELOPMENT_TEAM = HAA376DX53;
				GENERATE_INFOPLIST_FILE = YES;
				INFOPLIST_FILE = GuessMe_iOS/Info.plist;
				INFOPLIST_KEY_UIApplicationSupportsIndirectInputEvents = YES;
				INFOPLIST_KEY_UILaunchStoryboardName = LaunchScreen;
				INFOPLIST_KEY_UISupportedInterfaceOrientations_iPad = "UIInterfaceOrientationPortrait UIInterfaceOrientationPortraitUpsideDown UIInterfaceOrientationLandscapeLeft UIInterfaceOrientationLandscapeRight";
				INFOPLIST_KEY_UISupportedInterfaceOrientations_iPhone = "UIInterfaceOrientationPortrait UIInterfaceOrientationLandscapeLeft UIInterfaceOrientationLandscapeRight";
				LD_RUNPATH_SEARCH_PATHS = (
					"$(inherited)",
					"@executable_path/Frameworks",
				);
				MARKETING_VERSION = 1.0;
				PRODUCT_BUNDLE_IDENTIFIER = "com.heegee.GuessMe-iOS";
				PRODUCT_NAME = "$(TARGET_NAME)";
				SWIFT_EMIT_LOC_STRINGS = YES;
				SWIFT_VERSION = 5.0;
				TARGETED_DEVICE_FAMILY = "1,2";
			};
			name = Release;
		};
		4F0840EF2785699F0082D259 /* Debug */ = {
			isa = XCBuildConfiguration;
			baseConfigurationReference = 288071CEA52D49557F7512AD /* Pods-GuessMe_iOSTests.debug.xcconfig */;
			buildSettings = {
				ALWAYS_EMBED_SWIFT_STANDARD_LIBRARIES = YES;
				BUNDLE_LOADER = "$(TEST_HOST)";
				CODE_SIGN_STYLE = Automatic;
				CURRENT_PROJECT_VERSION = 1;
				DEVELOPMENT_TEAM = HAA376DX53;
				GENERATE_INFOPLIST_FILE = YES;
				IPHONEOS_DEPLOYMENT_TARGET = 15.0;
				LD_RUNPATH_SEARCH_PATHS = (
					"$(inherited)",
					"@executable_path/Frameworks",
					"@loader_path/Frameworks",
				);
				MARKETING_VERSION = 1.0;
				PRODUCT_BUNDLE_IDENTIFIER = "com.heegee.GuessMe-iOSTests";
				PRODUCT_NAME = "$(TARGET_NAME)";
				SWIFT_EMIT_LOC_STRINGS = NO;
				SWIFT_VERSION = 5.0;
				TARGETED_DEVICE_FAMILY = "1,2";
				TEST_HOST = "$(BUILT_PRODUCTS_DIR)/GuessMe_iOS.app/GuessMe_iOS";
			};
			name = Debug;
		};
		4F0840F02785699F0082D259 /* Release */ = {
			isa = XCBuildConfiguration;
			baseConfigurationReference = D96A943159DF4AB2C594DDA3 /* Pods-GuessMe_iOSTests.release.xcconfig */;
			buildSettings = {
				ALWAYS_EMBED_SWIFT_STANDARD_LIBRARIES = YES;
				BUNDLE_LOADER = "$(TEST_HOST)";
				CODE_SIGN_STYLE = Automatic;
				CURRENT_PROJECT_VERSION = 1;
				DEVELOPMENT_TEAM = HAA376DX53;
				GENERATE_INFOPLIST_FILE = YES;
				IPHONEOS_DEPLOYMENT_TARGET = 15.0;
				LD_RUNPATH_SEARCH_PATHS = (
					"$(inherited)",
					"@executable_path/Frameworks",
					"@loader_path/Frameworks",
				);
				MARKETING_VERSION = 1.0;
				PRODUCT_BUNDLE_IDENTIFIER = "com.heegee.GuessMe-iOSTests";
				PRODUCT_NAME = "$(TARGET_NAME)";
				SWIFT_EMIT_LOC_STRINGS = NO;
				SWIFT_VERSION = 5.0;
				TARGETED_DEVICE_FAMILY = "1,2";
				TEST_HOST = "$(BUILT_PRODUCTS_DIR)/GuessMe_iOS.app/GuessMe_iOS";
			};
			name = Release;
		};
		4F0840F22785699F0082D259 /* Debug */ = {
			isa = XCBuildConfiguration;
			buildSettings = {
				ALWAYS_EMBED_SWIFT_STANDARD_LIBRARIES = YES;
				CODE_SIGN_STYLE = Automatic;
				CURRENT_PROJECT_VERSION = 1;
				DEVELOPMENT_TEAM = HAA376DX53;
				GENERATE_INFOPLIST_FILE = YES;
				LD_RUNPATH_SEARCH_PATHS = (
					"$(inherited)",
					"@executable_path/Frameworks",
					"@loader_path/Frameworks",
				);
				MARKETING_VERSION = 1.0;
				PRODUCT_BUNDLE_IDENTIFIER = "com.heegee.GuessMe-iOSUITests";
				PRODUCT_NAME = "$(TARGET_NAME)";
				SWIFT_EMIT_LOC_STRINGS = NO;
				SWIFT_VERSION = 5.0;
				TARGETED_DEVICE_FAMILY = "1,2";
				TEST_TARGET_NAME = GuessMe_iOS;
			};
			name = Debug;
		};
		4F0840F32785699F0082D259 /* Release */ = {
			isa = XCBuildConfiguration;
			buildSettings = {
				ALWAYS_EMBED_SWIFT_STANDARD_LIBRARIES = YES;
				CODE_SIGN_STYLE = Automatic;
				CURRENT_PROJECT_VERSION = 1;
				DEVELOPMENT_TEAM = HAA376DX53;
				GENERATE_INFOPLIST_FILE = YES;
				LD_RUNPATH_SEARCH_PATHS = (
					"$(inherited)",
					"@executable_path/Frameworks",
					"@loader_path/Frameworks",
				);
				MARKETING_VERSION = 1.0;
				PRODUCT_BUNDLE_IDENTIFIER = "com.heegee.GuessMe-iOSUITests";
				PRODUCT_NAME = "$(TARGET_NAME)";
				SWIFT_EMIT_LOC_STRINGS = NO;
				SWIFT_VERSION = 5.0;
				TARGETED_DEVICE_FAMILY = "1,2";
				TEST_TARGET_NAME = GuessMe_iOS;
			};
			name = Release;
		};
/* End XCBuildConfiguration section */

/* Begin XCConfigurationList section */
		4F0840BC2785699E0082D259 /* Build configuration list for PBXProject "GuessMe_iOS" */ = {
			isa = XCConfigurationList;
			buildConfigurations = (
				4F0840E92785699F0082D259 /* Debug */,
				4F0840EA2785699F0082D259 /* Release */,
			);
			defaultConfigurationIsVisible = 0;
			defaultConfigurationName = Release;
		};
		4F0840EB2785699F0082D259 /* Build configuration list for PBXNativeTarget "GuessMe_iOS" */ = {
			isa = XCConfigurationList;
			buildConfigurations = (
				4F0840EC2785699F0082D259 /* Debug */,
				4F0840ED2785699F0082D259 /* Release */,
			);
			defaultConfigurationIsVisible = 0;
			defaultConfigurationName = Release;
		};
		4F0840EE2785699F0082D259 /* Build configuration list for PBXNativeTarget "GuessMe_iOSTests" */ = {
			isa = XCConfigurationList;
			buildConfigurations = (
				4F0840EF2785699F0082D259 /* Debug */,
				4F0840F02785699F0082D259 /* Release */,
			);
			defaultConfigurationIsVisible = 0;
			defaultConfigurationName = Release;
		};
		4F0840F12785699F0082D259 /* Build configuration list for PBXNativeTarget "GuessMe_iOSUITests" */ = {
			isa = XCConfigurationList;
			buildConfigurations = (
				4F0840F22785699F0082D259 /* Debug */,
				4F0840F32785699F0082D259 /* Release */,
			);
			defaultConfigurationIsVisible = 0;
			defaultConfigurationName = Release;
		};
/* End XCConfigurationList section */
	};
	rootObject = 4F0840B92785699E0082D259 /* Project object */;
}
